
Microsoft Visual Studio Solution File, Format Version 12.00
# Visual Studio 15
VisualStudioVersion = 15.0.28307.1000
MinimumVisualStudioVersion = 10.0.40219.1
Project("{9A19103F-16F7-4668-BE54-9A1E7A4F7556}") = "Playground", "Playground\Playground.csproj", "{C929EDCD-737E-4249-84D4-B0381511FADF}"
EndProject
Project("{FAE04EC0-301F-11D3-BF4B-00C04F79EFBC}") = "Playground.Forms", "Playground.Forms\Playground.Forms.csproj", "{75A5F5D6-1EE6-4DAD-AE92-8CF3192D63D4}"
EndProject
Global
	GlobalSection(SolutionConfigurationPlatforms) = preSolution
		Debug|Any CPU = Debug|Any CPU
		Release|Any CPU = Release|Any CPU
	EndGlobalSection
	GlobalSection(ProjectConfigurationPlatforms) = postSolution
		{C929EDCD-737E-4249-84D4-B0381511FADF}.Debug|Any CPU.ActiveCfg = Debug|Any CPU
		{C929EDCD-737E-4249-84D4-B0381511FADF}.Debug|Any CPU.Build.0 = Debug|Any CPU
		{C929EDCD-737E-4249-84D4-B0381511FADF}.Release|Any CPU.ActiveCfg = Release|Any CPU
		{C929EDCD-737E-4249-84D4-B0381511FADF}.Release|Any CPU.Build.0 = Release|Any CPU
		{75A5F5D6-1EE6-4DAD-AE92-8CF3192D63D4}.Debug|Any CPU.ActiveCfg = Debug|Any CPU
		{75A5F5D6-1EE6-4DAD-AE92-8CF3192D63D4}.Debug|Any CPU.Build.0 = Debug|Any CPU
		{75A5F5D6-1EE6-4DAD-AE92-8CF3192D63D4}.Release|Any CPU.ActiveCfg = Release|Any CPU
		{75A5F5D6-1EE6-4DAD-AE92-8CF3192D63D4}.Release|Any CPU.Build.0 = Release|Any CPU
	EndGlobalSection
	GlobalSection(SolutionProperties) = preSolution
		HideSolutionNode = FALSE
	EndGlobalSection
	GlobalSection(ExtensibilityGlobals) = postSolution
		SolutionGuid = {71D75672-C59A-48CA-9090-ACDA207F396A}
	EndGlobalSection
EndGlobal
